lockfileVersion: '9.0'

settings:
  autoInstallPeers: true
  excludeLinksFromLockfile: false

importers:

  .:
    devDependencies:
      '@deepseek-ai/cordis':
        specifier: ^4.0.2
        version: 4.0.3
      '@deepseek-ai/dsh-agent':
        specifier: ^0.1.5-rc.2
        version: 0.1.5-rc.3(1a9d37eefcbcd69e2cb1ea95ee92e12e)
      '@deepseek-ai/dsh-compaction':
        specifier: ^0.1.5-rc.2
        version: 0.1.5-rc.3(3ae8c921b9c2310e54d7b34c38a26d42)
      '@deepseek-ai/dsh-home-paths':
        specifier: ^0.1.5-rc.2
        version: 0.1.5-rc.3(@deepseek-ai/cordis@4.0.3)
      '@deepseek-ai/dsh-llm':
        specifier: ^0.1.5-rc.2
        version: 0.1.5-rc.3(@deepseek-ai/cordis@4.0.3)
      '@deepseek-ai/dsh-session':
        specifier: ^0.1.5-rc.2
        version: 0.1.5-rc.3(@deepseek-ai/cordis@4.0.3)(@deepseek-ai/dsh-scope@0.1.5-rc.3(@deepseek-ai/cordis@4.0.3)(@deepseek-ai/dsh-invariants@0.1.5-rc.3(@deepseek-ai/cordis@4.0.3)))
      '@deepseek-ai/dsh-token-meter':
        specifier: ^0.1.5-rc.2
        version: 0.1.5-rc.3(ab0ed8b846f00966d72a19ba0cf2250c)
      '@deepseek-ai/dsh-tools':
        specifier: ^0.1.5-rc.2
        version: 0.1.5-rc.3(2e77fc0180a025498191088eed5c0370)
      '@deepseek-ai/schemastery':
        specifier: ^3.18.2
        version: 3.18.3

packages:

  '@deepseek-ai/cordis@4.0.3':
    resolution: {integrity: sha512-ka+8UVh1JDTqkrEcgkfGwquM3lsBmLDsJMNAQUgumY65tI7IIrLFSERcNfde5kF1rtSSktOJmsC9WmJLt4rd8A==}
    hasBin: true
    peerDependencies:
      '@deepseek-ai/cordis-plugin-include': ^1.0.8
      '@deepseek-ai/cordis-plugin-loader': ^1.0.4
    peerDependenciesMeta:
      '@deepseek-ai/cordis-plugin-include':
        optional: true
      '@deepseek-ai/cordis-plugin-loader':
        optional: true

  '@deepseek-ai/cosmokit@1.8.4':
    resolution: {integrity: sha512-zOX7hFKtUQNY6GlZi1OCGY+bp6swWDf8aFNbCSAonVKEpEb5Tc2m3moUtNZscT7ksflIcVn+qgqYZo9QKUF+fQ==}

  '@deepseek-ai/dsh-agent@0.1.5-rc.3':
    resolution: {integrity: sha512-+BvnHhttEpT/7HAlpx+QUQvLdXTEvF9o8j4bGOUIEWMJeblm2DKDXWuVL1Pzanm5ZW0ec9Y/WOnDcExMUMkh3Q==}
    peerDependencies:
      '@deepseek-ai/cordis': 4.0.2
      '@deepseek-ai/dsh-invariants': ^0.1.5-rc.3
      '@deepseek-ai/dsh-llm': ^0.1.5-rc.3
      '@deepseek-ai/dsh-scope': ^0.1.5-rc.3
      '@deepseek-ai/dsh-session': ^0.1.5-rc.3
      '@deepseek-ai/dsh-session-projection': ^0.1.5-rc.3
      '@deepseek-ai/dsh-system-prompt': ^0.1.5-rc.3
      '@deepseek-ai/dsh-typert-protocol': ^0.1.5-rc.3
      '@deepseek-ai/dsh-util-values': ^0.1.5-rc.3

  '@deepseek-ai/dsh-attachment@0.1.5-rc.3':
    resolution: {integrity: sha512-mQpRILttCP9rxUro5N78jSd7dKLb1tsQN9Qf+talhhxfsOigUCyWqsWVrLJIdXV4Bpa3ZzNuQK29O8D7Z+Njvg==}
    peerDependencies:
      '@deepseek-ai/cordis': 4.0.2
      '@deepseek-ai/dsh-brand': ^0.1.5-rc.3

  '@deepseek-ai/dsh-brand@0.1.5-rc.3':
    resolution: {integrity: sha512-pzbPtyEwnFMCrUYLwFio8GmUxtTqqAkhW5IheWH1tSgUnVIAu4OwVbxwTNiDGMRbgTRAzT9xZ7bukUejpyob4w==}
    peerDependencies:
      '@deepseek-ai/cordis': 4.0.2

  '@deepseek-ai/dsh-code-runtime@0.1.5-rc.3':
    resolution: {integrity: sha512-BXxnniypydUqy5H5VhQGso5QK6Q+HNurTf8jaTv5FYOR/vxB40LY+bFGd70sTthi2q3nh6rqVV0yKJqYhyPksQ==}
    peerDependencies:
      '@deepseek-ai/cordis': 4.0.2

  '@deepseek-ai/dsh-commands@0.1.5-rc.3':
    resolution: {integrity: sha512-TQxEbt3MTL2xjCngbm8YA7fie2ecg6RA5pQE04fciz7s4ixq85BksFqePgJ+BC+6gZGPV1WOIX0jBhTKu7Pyag==}
    peerDependencies:
      '@deepseek-ai/cordis': 4.0.2
      '@deepseek-ai/dsh-agent': ^0.1.5-rc.3
      '@deepseek-ai/dsh-attachment': ^0.1.5-rc.3
      '@deepseek-ai/dsh-brand': ^0.1.5-rc.3
      '@deepseek-ai/dsh-invariants': ^0.1.5-rc.3
      '@deepseek-ai/dsh-llm': ^0.1.5-rc.3
      '@deepseek-ai/dsh-scope': ^0.1.5-rc.3
      '@deepseek-ai/dsh-session': ^0.1.5-rc.3
      '@deepseek-ai/dsh-typert-protocol': ^0.1.5-rc.3

  '@deepseek-ai/dsh-compaction@0.1.5-rc.3':
    resolution: {integrity: sha512-uoD0Wk2+QwCW7k3PU6+QReOOzCvKqYOj6a2+EUnFVg3JQAoJ9Pjg0hot+1Xy0w7H1S+kNH7U3B4bdRb01QlaBw==}
    peerDependencies:
      '@deepseek-ai/cordis': 4.0.2
      '@deepseek-ai/dsh-brand': ^0.1.5-rc.3
      '@deepseek-ai/dsh-commands': ^0.1.5-rc.3
      '@deepseek-ai/dsh-invariants': ^0.1.5-rc.3
      '@deepseek-ai/dsh-llm': ^0.1.5-rc.3
      '@deepseek-ai/dsh-session': ^0.1.5-rc.3

  '@deepseek-ai/dsh-home-paths@0.1.5-rc.3':
    resolution: {integrity: sha512-cdZ9B3UUy1gvLOkLYIxZHH3Zj7gzJdnSTipOOz6mU85xoj9cZYVkhkoXlR0k7Nf9rrpgsTwL8tDNcZg2WGzT3A==}
    peerDependencies:
      '@deepseek-ai/cordis': 4.0.2

  '@deepseek-ai/dsh-invariants@0.1.5-rc.3':
    resolution: {integrity: sha512-1iPfLsu8zFAsfIRYE958uMhB3oTO/LmN3ArTifxWFlRvCmBRd9Ca6l7DZh/daLnJsDSdtLQtVzPqbgTV9tzNlQ==}
    peerDependencies:
      '@deepseek-ai/cordis': 4.0.2

  '@deepseek-ai/dsh-llm-retry@0.1.5-rc.3':
    resolution: {integrity: sha512-5HzWT70C+812ZyMEzrPOkjEe06RSd6zz1++kQSHOseo3+GULCdyPTFbeh9sHdeTA/YIVGZmio47SRS8dwu5YLg==}
    peerDependencies:
      '@deepseek-ai/cordis': 4.0.2
      '@deepseek-ai/dsh-agent': ^0.1.5-rc.3
      '@deepseek-ai/dsh-brand': ^0.1.5-rc.3
      '@deepseek-ai/dsh-invariants': ^0.1.5-rc.3
      '@deepseek-ai/dsh-llm': ^0.1.5-rc.3
      '@deepseek-ai/dsh-session': ^0.1.5-rc.3
      '@deepseek-ai/dsh-session-projection': ^0.1.5-rc.3
      '@deepseek-ai/dsh-timeout': ^0.1.5-rc.3

  '@deepseek-ai/dsh-llm@0.1.5-rc.3':
    resolution: {integrity: sha512-c6Z7S1SlRAgLKQ/MZKp0mCMrBz06X9XEddLFxhK5Flq0PM18dsJgIbRgNpobILy2AJyYx0vnHbepjmITW6BXWA==}
    peerDependencies:
      '@deepseek-ai/cordis': 4.0.2

  '@deepseek-ai/dsh-scope@0.1.5-rc.3':
    resolution: {integrity: sha512-2B45GShJQwPs+Ad4MdI2kkbxkogagZopAY2lbYowAz6Oris3jGxZJ4v3/ZyJw7c9bhTJUagHXCpXQYFSIXumLA==}
    peerDependencies:
      '@deepseek-ai/cordis': 4.0.2
      '@deepseek-ai/dsh-invariants': ^0.1.5-rc.3

  '@deepseek-ai/dsh-session-projection@0.1.5-rc.3':
    resolution: {integrity: sha512-cZEVVXN38N3cm+577BjZfVymDWUtG+lbi041vl6rJme4AfNaz2PujcVbzFu1PXg+QpbX19r0JA01B/t62xLOQg==}
    peerDependencies:
      '@deepseek-ai/cordis': 4.0.2
      '@deepseek-ai/dsh-session': ^0.1.5-rc.3

  '@deepseek-ai/dsh-session@0.1.5-rc.3':
    resolution: {integrity: sha512-ZvcJxTCLSPVRFLElseKAOR6hByyNuUk+O+mQtPGKQwh/CWa55aN13oEYTS7bskeSFRrWkHTx4KLgDYilMNZhqw==}
    peerDependencies:
      '@deepseek-ai/cordis': 4.0.2
      '@deepseek-ai/dsh-scope': ^0.1.5-rc.3

  '@deepseek-ai/dsh-system-prompt@0.1.5-rc.3':
    resolution: {integrity: sha512-CVWTVym37iHQ8ibty8N+LiPcEF/SPjzXOG/BpyzIMuH1D0wJfRThGgFgGUHRdhJUw/e3WYmyxTfZHlkWnIdojA==}
    peerDependencies:
      '@deepseek-ai/cordis': 4.0.2
      '@deepseek-ai/dsh-invariants': ^0.1.5-rc.3
      '@deepseek-ai/dsh-llm': ^0.1.5-rc.3
      '@deepseek-ai/dsh-scope': ^0.1.5-rc.3

  '@deepseek-ai/dsh-timeout@0.1.5-rc.3':
    resolution: {integrity: sha512-Z7HyqvGaO/k4XLp/EykvIuA0i67CvWb/R0c7Lt/3/8dwmDvqKWgWvh/EiNip7UMXMpQBJzI+Xe4OuzXV/A90Nw==}
    peerDependencies:
      '@deepseek-ai/cordis': 4.0.2

  '@deepseek-ai/dsh-token-meter@0.1.5-rc.3':
    resolution: {integrity: sha512-bsX5+O2tckCQtA8GvG1FKtgcFy8mJuXKjQBhA31LJT6HYD2VBxkS01lodMztfu2tX9t+R0+P85XvlCHVWWuvVA==}
    peerDependencies:
      '@deepseek-ai/cordis': 4.0.2
      '@deepseek-ai/dsh-compaction': ^0.1.5-rc.3
      '@deepseek-ai/dsh-llm': ^0.1.5-rc.3
      '@deepseek-ai/dsh-llm-retry': ^0.1.5-rc.3
      '@deepseek-ai/dsh-session': ^0.1.5-rc.3
      '@deepseek-ai/dsh-session-projection': ^0.1.5-rc.3

  '@deepseek-ai/dsh-tools@0.1.5-rc.3':
    resolution: {integrity: sha512-GEMQyn1iHmQhwn/2gwDRdyaD369zu7DCQ0Ao58hGYMDhPBaoc21SuKZ3I5wVJcYRhSPfSev2Gz9FJ+x1R6tSZw==}
    peerDependencies:
      '@deepseek-ai/cordis': 4.0.2
      '@deepseek-ai/dsh-agent': ^0.1.5-rc.3
      '@deepseek-ai/dsh-code-runtime': ^0.1.5-rc.3
      '@deepseek-ai/dsh-invariants': ^0.1.5-rc.3
      '@deepseek-ai/dsh-llm': ^0.1.5-rc.3
      '@deepseek-ai/dsh-scope': ^0.1.5-rc.3
      '@deepseek-ai/dsh-session': ^0.1.5-rc.3
      '@deepseek-ai/dsh-system-prompt': ^0.1.5-rc.3
      '@deepseek-ai/dsh-user-approval': ^0.1.5-rc.3

  '@deepseek-ai/dsh-typert-protocol@0.1.5-rc.3':
    resolution: {integrity: sha512-lcQGIQK4Z5dBguLQFzoDiHQBT387egSnFYJOakEjqIMM9jkAfMI/HqlsVSRSzHW7SQL9f6SxJMHCD7pIkJzsWA==}
    peerDependencies:
      '@deepseek-ai/cordis': 4.0.2

  '@deepseek-ai/dsh-user-approval@0.1.5-rc.3':
    resolution: {integrity: sha512-AOgmQWcowf8PgRKC4Ejs9oBMmLyJGHJCWawCCHs4Ztx7M8/o01Zccma1TgrSDDwW2ITlJx6ad6OJceX7Kvs4nA==}
    peerDependencies:
      '@deepseek-ai/cordis': 4.0.2
      '@deepseek-ai/dsh-agent': ^0.1.5-rc.3
      '@deepseek-ai/dsh-brand': ^0.1.5-rc.3
      '@deepseek-ai/dsh-invariants': ^0.1.5-rc.3
      '@deepseek-ai/dsh-llm': ^0.1.5-rc.3
      '@deepseek-ai/dsh-scope': ^0.1.5-rc.3
      '@deepseek-ai/dsh-session': ^0.1.5-rc.3
      '@deepseek-ai/dsh-system-prompt': ^0.1.5-rc.3

  '@deepseek-ai/dsh-util-crypto@0.1.5-rc.3':
    resolution: {integrity: sha512-gQAFF2TLLAV5ejHAklCplePVdL2TV4CH1Xt3A0bqaLxZ2zoOxXoVUieUzPrHo+X1NKfsmdcWvOx9zdlDkXY+sQ==}
    peerDependencies:
      '@deepseek-ai/cordis': 4.0.2

  '@deepseek-ai/dsh-util-values@0.1.5-rc.3':
    resolution: {integrity: sha512-K0qEm9XmgcxCMuJBK7skNE3v35JTOurN24IwrZ4t0xoaSlZSF4wR0L/R7ipj9IQSlB7sGdQLdegTNsZmSlmw4Q==}
    peerDependencies:
      '@deepseek-ai/cordis': 4.0.2

  '@deepseek-ai/schemastery@3.18.2':
    resolution: {integrity: sha512-njDtZsznjYxok7KLLlHOPyuv2efdWVbSflAHgztSfbMsg+CVraEoRe2DjOCgClYv3ZCSm7WXoaUkbB/+RY7tWQ==}

  '@deepseek-ai/schemastery@3.18.3':
    resolution: {integrity: sha512-plZIZADuGLT/3PoYmUaEDZd0vG1rVahU89MevnxXsyQhFEi2D6DUuTJel7FUb3cUM9aCzqGMN99sHJe1RIushA==}

  '@standard-schema/spec@1.1.0':
    resolution: {integrity: sha512-l2aFy5jALhniG5HgqrD6jXLi/rUWrKvqN/qJx6yoJsgKhblVd+iqqU4RCXavm/jPityDo5TCvKMnpjKnOriy0w==}

  zod@4.6.5:
    resolution: {integrity: sha512-v5l/aFXZQeai4awLbOpSoHecE9UiMrnfx75tEXLjNonXVARxQ5mOeipTjROUchszUNCqnE+hqAMujRsRHsut2Q==}

snapshots:

  '@deepseek-ai/cordis@4.0.3':
    dependencies:
      '@deepseek-ai/cosmokit': 1.8.4
      '@standard-schema/spec': 1.1.0

  '@deepseek-ai/cosmokit@1.8.4': {}

  '@deepseek-ai/dsh-agent@0.1.5-rc.3(1a9d37eefcbcd69e2cb1ea95ee92e12e)':
    dependencies:
      '@deepseek-ai/cordis': 4.0.3
      '@deepseek-ai/dsh-invariants': 0.1.5-rc.3(@deepseek-ai/cordis@4.0.3)
      '@deepseek-ai/dsh-llm': 0.1.5-rc.3(@deepseek-ai/cordis@4.0.3)
      '@deepseek-ai/dsh-scope': 0.1.5-rc.3(@deepseek-ai/cordis@4.0.3)(@deepseek-ai/dsh-invariants@0.1.5-rc.3(@deepseek-ai/cordis@4.0.3))
      '@deepseek-ai/dsh-session': 0.1.5-rc.3(@deepseek-ai/cordis@4.0.3)(@deepseek-ai/dsh-scope@0.1.5-rc.3(@deepseek-ai/cordis@4.0.3)(@deepseek-ai/dsh-invariants@0.1.5-rc.3(@deepseek-ai/cordis@4.0.3)))
      '@deepseek-ai/dsh-session-projection': 0.1.5-rc.3(@deepseek-ai/cordis@4.0.3)(@deepseek-ai/dsh-session@0.1.5-rc.3(@deepseek-ai/cordis@4.0.3)(@deepseek-ai/dsh-scope@0.1.5-rc.3(@deepseek-ai/cordis@4.0.3)(@deepseek-ai/dsh-invariants@0.1.5-rc.3(@deepseek-ai/cordis@4.0.3))))
      '@deepseek-ai/dsh-system-prompt': 0.1.5-rc.3(@deepseek-ai/cordis@4.0.3)(@deepseek-ai/dsh-invariants@0.1.5-rc.3(@deepseek-ai/cordis@4.0.3))(@deepseek-ai/dsh-llm@0.1.5-rc.3(@deepseek-ai/cordis@4.0.3))(@deepseek-ai/dsh-scope@0.1.5-rc.3(@deepseek-ai/cordis@4.0.3)(@deepseek-ai/dsh-invariants@0.1.5-rc.3(@deepseek-ai/cordis@4.0.3)))
      '@deepseek-ai/dsh-typert-protocol': 0.1.5-rc.3(@deepseek-ai/cordis@4.0.3)
      '@deepseek-ai/dsh-util-values': 0.1.5-rc.3(@deepseek-ai/cordis@4.0.3)

  '@deepseek-ai/dsh-attachment@0.1.5-rc.3(@deepseek-ai/cordis@4.0.3)(@deepseek-ai/dsh-brand@0.1.5-rc.3(@deepseek-ai/cordis@4.0.3))':
    dependencies:
      '@deepseek-ai/cordis': 4.0.3
      '@deepseek-ai/dsh-brand': 0.1.5-rc.3(@deepseek-ai/cordis@4.0.3)

  '@deepseek-ai/dsh-brand@0.1.5-rc.3(@deepseek-ai/cordis@4.0.3)':
    dependencies:
      '@deepseek-ai/cordis': 4.0.3

  '@deepseek-ai/dsh-code-runtime@0.1.5-rc.3(@deepseek-ai/cordis@4.0.3)':
    dependencies:
      '@deepseek-ai/cordis': 4.0.3

  '@deepseek-ai/dsh-commands@0.1.5-rc.3(@deepseek-ai/cordis@4.0.3)(@deepseek-ai/dsh-agent@0.1.5-rc.3(1a9d37eefcbcd69e2cb1ea95ee92e12e))(@deepseek-ai/dsh-attachment@0.1.5-rc.3(@deepseek-ai/cordis@4.0.3)(@deepseek-ai/dsh-brand@0.1.5-rc.3(@deepseek-ai/cordis@4.0.3)))(@deepseek-ai/dsh-brand@0.1.5-rc.3(@deepseek-ai/cordis@4.0.3))(@deepseek-ai/dsh-invariants@0.1.5-rc.3(@deepseek-ai/cordis@4.0.3))(@deepseek-ai/dsh-llm@0.1.5-rc.3(@deepseek-ai/cordis@4.0.3))(@deepseek-ai/dsh-scope@0.1.5-rc.3(@deepseek-ai/cordis@4.0.3)(@deepseek-ai/dsh-invariants@0.1.5-rc.3(@deepseek-ai/cordis@4.0.3)))(@deepseek-ai/dsh-session@0.1.5-rc.3(@deepseek-ai/cordis@4.0.3)(@deepseek-ai/dsh-scope@0.1.5-rc.3(@deepseek-ai/cordis@4.0.3)(@deepseek-ai/dsh-invariants@0.1.5-rc.3(@deepseek-ai/cordis@4.0.3))))(@deepseek-ai/dsh-typert-protocol@0.1.5-rc.3(@deepseek-ai/cordis@4.0.3))':
    dependencies:
      '@deepseek-ai/cordis': 4.0.3
      '@deepseek-ai/dsh-agent': 0.1.5-rc.3(1a9d37eefcbcd69e2cb1ea95ee92e12e)
      '@deepseek-ai/dsh-attachment': 0.1.5-rc.3(@deepseek-ai/cordis@4.0.3)(@deepseek-ai/dsh-brand@0.1.5-rc.3(@deepseek-ai/cordis@4.0.3))
      '@deepseek-ai/dsh-brand': 0.1.5-rc.3(@deepseek-ai/cordis@4.0.3)
      '@deepseek-ai/dsh-invariants': 0.1.5-rc.3(@deepseek-ai/cordis@4.0.3)
      '@deepseek-ai/dsh-llm': 0.1.5-rc.3(@deepseek-ai/cordis@4.0.3)
      '@deepseek-ai/dsh-scope': 0.1.5-rc.3(@deepseek-ai/cordis@4.0.3)(@deepseek-ai/dsh-invariants@0.1.5-rc.3(@deepseek-ai/cordis@4.0.3))
      '@deepseek-ai/dsh-session': 0.1.5-rc.3(@deepseek-ai/cordis@4.0.3)(@deepseek-ai/dsh-scope@0.1.5-rc.3(@deepseek-ai/cordis@4.0.3)(@deepseek-ai/dsh-invariants@0.1.5-rc.3(@deepseek-ai/cordis@4.0.3)))
      '@deepseek-ai/dsh-typert-protocol': 0.1.5-rc.3(@deepseek-ai/cordis@4.0.3)
      '@deepseek-ai/dsh-util-crypto': 0.1.5-rc.3(@deepseek-ai/cordis@4.0.3)
      zod: 4.6.5

  '@deepseek-ai/dsh-compaction@0.1.5-rc.3(3ae8c921b9c2310e54d7b34c38a26d42)':
    dependencies:
      '@deepseek-ai/cordis': 4.0.3
      '@deepseek-ai/dsh-brand': 0.1.5-rc.3(@deepseek-ai/cordis@4.0.3)
      '@deepseek-ai/dsh-commands': 0.1.5-rc.3(@deepseek-ai/cordis@4.0.3)(@deepseek-ai/dsh-agent@0.1.5-rc.3(1a9d37eefcbcd69e2cb1ea95ee92e12e))(@deepseek-ai/dsh-attachment@0.1.5-rc.3(@deepseek-ai/cordis@4.0.3)(@deepseek-ai/dsh-brand@0.1.5-rc.3(@deepseek-ai/cordis@4.0.3)))(@deepseek-ai/dsh-brand@0.1.5-rc.3(@deepseek-ai/cordis@4.0.3))(@deepseek-ai/dsh-invariants@0.1.5-rc.3(@deepseek-ai/cordis@4.0.3))(@deepseek-ai/dsh-llm@0.1.5-rc.3(@deepseek-ai/cordis@4.0.3))(@deepseek-ai/dsh-scope@0.1.5-rc.3(@deepseek-ai/cordis@4.0.3)(@deepseek-ai/dsh-invariants@0.1.5-rc.3(@deepseek-ai/cordis@4.0.3)))(@deepseek-ai/dsh-session@0.1.5-rc.3(@deepseek-ai/cordis@4.0.3)(@deepseek-ai/dsh-scope@0.1.5-rc.3(@deepseek-ai/cordis@4.0.3)(@deepseek-ai/dsh-invariants@0.1.5-rc.3(@deepseek-ai/cordis@4.0.3))))(@deepseek-ai/dsh-typert-protocol@0.1.5-rc.3(@deepseek-ai/cordis@4.0.3))
      '@deepseek-ai/dsh-invariants': 0.1.5-rc.3(@deepseek-ai/cordis@4.0.3)
      '@deepseek-ai/dsh-llm': 0.1.5-rc.3(@deepseek-ai/cordis@4.0.3)
      '@deepseek-ai/dsh-session': 0.1.5-rc.3(@deepseek-ai/cordis@4.0.3)(@deepseek-ai/dsh-scope@0.1.5-rc.3(@deepseek-ai/cordis@4.0.3)(@deepseek-ai/dsh-invariants@0.1.5-rc.3(@deepseek-ai/cordis@4.0.3)))

  '@deepseek-ai/dsh-home-paths@0.1.5-rc.3(@deepseek-ai/cordis@4.0.3)':
    dependencies:
      '@deepseek-ai/cordis': 4.0.3

  '@deepseek-ai/dsh-invariants@0.1.5-rc.3(@deepseek-ai/cordis@4.0.3)':
    dependencies:
      '@deepseek-ai/cordis': 4.0.3
      '@deepseek-ai/schemastery': 3.18.2

  '@deepseek-ai/dsh-llm-retry@0.1.5-rc.3(@deepseek-ai/cordis@4.0.3)(@deepseek-ai/dsh-agent@0.1.5-rc.3(1a9d37eefcbcd69e2cb1ea95ee92e12e))(@deepseek-ai/dsh-brand@0.1.5-rc.3(@deepseek-ai/cordis@4.0.3))(@deepseek-ai/dsh-invariants@0.1.5-rc.3(@deepseek-ai/cordis@4.0.3))(@deepseek-ai/dsh-llm@0.1.5-rc.3(@deepseek-ai/cordis@4.0.3))(@deepseek-ai/dsh-session-projection@0.1.5-rc.3(@deepseek-ai/cordis@4.0.3)(@deepseek-ai/dsh-session@0.1.5-rc.3(@deepseek-ai/cordis@4.0.3)(@deepseek-ai/dsh-scope@0.1.5-rc.3(@deepseek-ai/cordis@4.0.3)(@deepseek-ai/dsh-invariants@0.1.5-rc.3(@deepseek-ai/cordis@4.0.3)))))(@deepseek-ai/dsh-session@0.1.5-rc.3(@deepseek-ai/cordis@4.0.3)(@deepseek-ai/dsh-scope@0.1.5-rc.3(@deepseek-ai/cordis@4.0.3)(@deepseek-ai/dsh-invariants@0.1.5-rc.3(@deepseek-ai/cordis@4.0.3))))(@deepseek-ai/dsh-timeout@0.1.5-rc.3(@deepseek-ai/cordis@4.0.3))':
    dependencies:
      '@deepseek-ai/cordis': 4.0.3
      '@deepseek-ai/dsh-agent': 0.1.5-rc.3(1a9d37eefcbcd69e2cb1ea95ee92e12e)
      '@deepseek-ai/dsh-brand': 0.1.5-rc.3(@deepseek-ai/cordis@4.0.3)
      '@deepseek-ai/dsh-invariants': 0.1.5-rc.3(@deepseek-ai/cordis@4.0.3)
      '@deepseek-ai/dsh-llm': 0.1.5-rc.3(@deepseek-ai/cordis@4.0.3)
      '@deepseek-ai/dsh-session': 0.1.5-rc.3(@deepseek-ai/cordis@4.0.3)(@deepseek-ai/dsh-scope@0.1.5-rc.3(@deepseek-ai/cordis@4.0.3)(@deepseek-ai/dsh-invariants@0.1.5-rc.3(@deepseek-ai/cordis@4.0.3)))
      '@deepseek-ai/dsh-session-projection': 0.1.5-rc.3(@deepseek-ai/cordis@4.0.3)(@deepseek-ai/dsh-session@0.1.5-rc.3(@deepseek-ai/cordis@4.0.3)(@deepseek-ai/dsh-scope@0.1.5-rc.3(@deepseek-ai/cordis@4.0.3)(@deepseek-ai/dsh-invariants@0.1.5-rc.3(@deepseek-ai/cordis@4.0.3))))
      '@deepseek-ai/dsh-timeout': 0.1.5-rc.3(@deepseek-ai/cordis@4.0.3)
      '@deepseek-ai/schemastery': 3.18.2
      zod: 4.6.5

  '@deepseek-ai/dsh-llm@0.1.5-rc.3(@deepseek-ai/cordis@4.0.3)':
    dependencies:
      '@deepseek-ai/cordis': 4.0.3
      '@deepseek-ai/dsh-brand': 0.1.5-rc.3(@deepseek-ai/cordis@4.0.3)
      '@deepseek-ai/dsh-timeout': 0.1.5-rc.3(@deepseek-ai/cordis@4.0.3)
      '@deepseek-ai/dsh-typert-protocol': 0.1.5-rc.3(@deepseek-ai/cordis@4.0.3)
      '@deepseek-ai/dsh-util-crypto': 0.1.5-rc.3(@deepseek-ai/cordis@4.0.3)
      '@deepseek-ai/dsh-util-values': 0.1.5-rc.3(@deepseek-ai/cordis@4.0.3)
      '@deepseek-ai/schemastery': 3.18.2
      zod: 4.6.5

  '@deepseek-ai/dsh-scope@0.1.5-rc.3(@deepseek-ai/cordis@4.0.3)(@deepseek-ai/dsh-invariants@0.1.5-rc.3(@deepseek-ai/cordis@4.0.3))':
    dependencies:
      '@deepseek-ai/cordis': 4.0.3
      '@deepseek-ai/dsh-invariants': 0.1.5-rc.3(@deepseek-ai/cordis@4.0.3)

  '@deepseek-ai/dsh-session-projection@0.1.5-rc.3(@deepseek-ai/cordis@4.0.3)(@deepseek-ai/dsh-session@0.1.5-rc.3(@deepseek-ai/cordis@4.0.3)(@deepseek-ai/dsh-scope@0.1.5-rc.3(@deepseek-ai/cordis@4.0.3)(@deepseek-ai/dsh-invariants@0.1.5-rc.3(@deepseek-ai/cordis@4.0.3))))':
    dependencies:
      '@deepseek-ai/cordis': 4.0.3
      '@deepseek-ai/dsh-session': 0.1.5-rc.3(@deepseek-ai/cordis@4.0.3)(@deepseek-ai/dsh-scope@0.1.5-rc.3(@deepseek-ai/cordis@4.0.3)(@deepseek-ai/dsh-invariants@0.1.5-rc.3(@deepseek-ai/cordis@4.0.3)))
      zod: 4.6.5

  '@deepseek-ai/dsh-session@0.1.5-rc.3(@deepseek-ai/cordis@4.0.3)(@deepseek-ai/dsh-scope@0.1.5-rc.3(@deepseek-ai/cordis@4.0.3)(@deepseek-ai/dsh-invariants@0.1.5-rc.3(@deepseek-ai/cordis@4.0.3)))':
    dependencies:
      '@deepseek-ai/cordis': 4.0.3
      '@deepseek-ai/dsh-brand': 0.1.5-rc.3(@deepseek-ai/cordis@4.0.3)
      '@deepseek-ai/dsh-llm': 0.1.5-rc.3(@deepseek-ai/cordis@4.0.3)
      '@deepseek-ai/dsh-scope': 0.1.5-rc.3(@deepseek-ai/cordis@4.0.3)(@deepseek-ai/dsh-invariants@0.1.5-rc.3(@deepseek-ai/cordis@4.0.3))
      '@deepseek-ai/dsh-util-values': 0.1.5-rc.3(@deepseek-ai/cordis@4.0.3)

  '@deepseek-ai/dsh-system-prompt@0.1.5-rc.3(@deepseek-ai/cordis@4.0.3)(@deepseek-ai/dsh-invariants@0.1.5-rc.3(@deepseek-ai/cordis@4.0.3))(@deepseek-ai/dsh-llm@0.1.5-rc.3(@deepseek-ai/cordis@4.0.3))(@deepseek-ai/dsh-scope@0.1.5-rc.3(@deepseek-ai/cordis@4.0.3)(@deepseek-ai/dsh-invariants@0.1.5-rc.3(@deepseek-ai/cordis@4.0.3)))':
    dependencies:
      '@deepseek-ai/cordis': 4.0.3
      '@deepseek-ai/dsh-invariants': 0.1.5-rc.3(@deepseek-ai/cordis@4.0.3)
      '@deepseek-ai/dsh-llm': 0.1.5-rc.3(@deepseek-ai/cordis@4.0.3)
      '@deepseek-ai/dsh-scope': 0.1.5-rc.3(@deepseek-ai/cordis@4.0.3)(@deepseek-ai/dsh-invariants@0.1.5-rc.3(@deepseek-ai/cordis@4.0.3))
      '@deepseek-ai/schemastery': 3.18.2

  '@deepseek-ai/dsh-timeout@0.1.5-rc.3(@deepseek-ai/cordis@4.0.3)':
    dependencies:
      '@deepseek-ai/cordis': 4.0.3

  '@deepseek-ai/dsh-token-meter@0.1.5-rc.3(ab0ed8b846f00966d72a19ba0cf2250c)':
    dependencies:
      '@deepseek-ai/cordis': 4.0.3
      '@deepseek-ai/dsh-compaction': 0.1.5-rc.3(3ae8c921b9c2310e54d7b34c38a26d42)
      '@deepseek-ai/dsh-llm': 0.1.5-rc.3(@deepseek-ai/cordis@4.0.3)
      '@deepseek-ai/dsh-llm-retry': 0.1.5-rc.3(@deepseek-ai/cordis@4.0.3)(@deepseek-ai/dsh-agent@0.1.5-rc.3(1a9d37eefcbcd69e2cb1ea95ee92e12e))(@deepseek-ai/dsh-brand@0.1.5-rc.3(@deepseek-ai/cordis@4.0.3))(@deepseek-ai/dsh-invariants@0.1.5-rc.3(@deepseek-ai/cordis@4.0.3))(@deepseek-ai/dsh-llm@0.1.5-rc.3(@deepseek-ai/cordis@4.0.3))(@deepseek-ai/dsh-session-projection@0.1.5-rc.3(@deepseek-ai/cordis@4.0.3)(@deepseek-ai/dsh-session@0.1.5-rc.3(@deepseek-ai/cordis@4.0.3)(@deepseek-ai/dsh-scope@0.1.5-rc.3(@deepseek-ai/cordis@4.0.3)(@deepseek-ai/dsh-invariants@0.1.5-rc.3(@deepseek-ai/cordis@4.0.3)))))(@deepseek-ai/dsh-session@0.1.5-rc.3(@deepseek-ai/cordis@4.0.3)(@deepseek-ai/dsh-scope@0.1.5-rc.3(@deepseek-ai/cordis@4.0.3)(@deepseek-ai/dsh-invariants@0.1.5-rc.3(@deepseek-ai/cordis@4.0.3))))(@deepseek-ai/dsh-timeout@0.1.5-rc.3(@deepseek-ai/cordis@4.0.3))
      '@deepseek-ai/dsh-session': 0.1.5-rc.3(@deepseek-ai/cordis@4.0.3)(@deepseek-ai/dsh-scope@0.1.5-rc.3(@deepseek-ai/cordis@4.0.3)(@deepseek-ai/dsh-invariants@0.1.5-rc.3(@deepseek-ai/cordis@4.0.3)))
      '@deepseek-ai/dsh-session-projection': 0.1.5-rc.3(@deepseek-ai/cordis@4.0.3)(@deepseek-ai/dsh-session@0.1.5-rc.3(@deepseek-ai/cordis@4.0.3)(@deepseek-ai/dsh-scope@0.1.5-rc.3(@deepseek-ai/cordis@4.0.3)(@deepseek-ai/dsh-invariants@0.1.5-rc.3(@deepseek-ai/cordis@4.0.3))))
      '@deepseek-ai/dsh-util-values': 0.1.5-rc.3(@deepseek-ai/cordis@4.0.3)
      '@deepseek-ai/schemastery': 3.18.2
      zod: 4.6.5

  '@deepseek-ai/dsh-tools@0.1.5-rc.3(2e77fc0180a025498191088eed5c0370)':
    dependencies:
      '@deepseek-ai/cordis': 4.0.3
      '@deepseek-ai/dsh-agent': 0.1.5-rc.3(1a9d37eefcbcd69e2cb1ea95ee92e12e)
      '@deepseek-ai/dsh-brand': 0.1.5-rc.3(@deepseek-ai/cordis@4.0.3)
      '@deepseek-ai/dsh-code-runtime': 0.1.5-rc.3(@deepseek-ai/cordis@4.0.3)
      '@deepseek-ai/dsh-invariants': 0.1.5-rc.3(@deepseek-ai/cordis@4.0.3)
      '@deepseek-ai/dsh-llm': 0.1.5-rc.3(@deepseek-ai/cordis@4.0.3)
      '@deepseek-ai/dsh-scope': 0.1.5-rc.3(@deepseek-ai/cordis@4.0.3)(@deepseek-ai/dsh-invariants@0.1.5-rc.3(@deepseek-ai/cordis@4.0.3))
      '@deepseek-ai/dsh-session': 0.1.5-rc.3(@deepseek-ai/cordis@4.0.3)(@deepseek-ai/dsh-scope@0.1.5-rc.3(@deepseek-ai/cordis@4.0.3)(@deepseek-ai/dsh-invariants@0.1.5-rc.3(@deepseek-ai/cordis@4.0.3)))
      '@deepseek-ai/dsh-system-prompt': 0.1.5-rc.3(@deepseek-ai/cordis@4.0.3)(@deepseek-ai/dsh-invariants@0.1.5-rc.3(@deepseek-ai/cordis@4.0.3))(@deepseek-ai/dsh-llm@0.1.5-rc.3(@deepseek-ai/cordis@4.0.3))(@deepseek-ai/dsh-scope@0.1.5-rc.3(@deepseek-ai/cordis@4.0.3)(@deepseek-ai/dsh-invariants@0.1.5-rc.3(@deepseek-ai/cordis@4.0.3)))
      '@deepseek-ai/dsh-user-approval': 0.1.5-rc.3(@deepseek-ai/cordis@4.0.3)(@deepseek-ai/dsh-agent@0.1.5-rc.3(1a9d37eefcbcd69e2cb1ea95ee92e12e))(@deepseek-ai/dsh-brand@0.1.5-rc.3(@deepseek-ai/cordis@4.0.3))(@deepseek-ai/dsh-invariants@0.1.5-rc.3(@deepseek-ai/cordis@4.0.3))(@deepseek-ai/dsh-llm@0.1.5-rc.3(@deepseek-ai/cordis@4.0.3))(@deepseek-ai/dsh-scope@0.1.5-rc.3(@deepseek-ai/cordis@4.0.3)(@deepseek-ai/dsh-invariants@0.1.5-rc.3(@deepseek-ai/cordis@4.0.3)))(@deepseek-ai/dsh-session@0.1.5-rc.3(@deepseek-ai/cordis@4.0.3)(@deepseek-ai/dsh-scope@0.1.5-rc.3(@deepseek-ai/cordis@4.0.3)(@deepseek-ai/dsh-invariants@0.1.5-rc.3(@deepseek-ai/cordis@4.0.3))))(@deepseek-ai/dsh-system-prompt@0.1.5-rc.3(@deepseek-ai/cordis@4.0.3)(@deepseek-ai/dsh-invariants@0.1.5-rc.3(@deepseek-ai/cordis@4.0.3))(@deepseek-ai/dsh-llm@0.1.5-rc.3(@deepseek-ai/cordis@4.0.3))(@deepseek-ai/dsh-scope@0.1.5-rc.3(@deepseek-ai/cordis@4.0.3)(@deepseek-ai/dsh-invariants@0.1.5-rc.3(@deepseek-ai/cordis@4.0.3))))
      '@deepseek-ai/dsh-util-values': 0.1.5-rc.3(@deepseek-ai/cordis@4.0.3)
      '@deepseek-ai/schemastery': 3.18.2

  '@deepseek-ai/dsh-typert-protocol@0.1.5-rc.3(@deepseek-ai/cordis@4.0.3)':
    dependencies:
      '@deepseek-ai/cordis': 4.0.3

  '@deepseek-ai/dsh-user-approval@0.1.5-rc.3(@deepseek-ai/cordis@4.0.3)(@deepseek-ai/dsh-agent@0.1.5-rc.3(1a9d37eefcbcd69e2cb1ea95ee92e12e))(@deepseek-ai/dsh-brand@0.1.5-rc.3(@deepseek-ai/cordis@4.0.3))(@deepseek-ai/dsh-invariants@0.1.5-rc.3(@deepseek-ai/cordis@4.0.3))(@deepseek-ai/dsh-llm@0.1.5-rc.3(@deepseek-ai/cordis@4.0.3))(@deepseek-ai/dsh-scope@0.1.5-rc.3(@deepseek-ai/cordis@4.0.3)(@deepseek-ai/dsh-invariants@0.1.5-rc.3(@deepseek-ai/cordis@4.0.3)))(@deepseek-ai/dsh-session@0.1.5-rc.3(@deepseek-ai/cordis@4.0.3)(@deepseek-ai/dsh-scope@0.1.5-rc.3(@deepseek-ai/cordis@4.0.3)(@deepseek-ai/dsh-invariants@0.1.5-rc.3(@deepseek-ai/cordis@4.0.3))))(@deepseek-ai/dsh-system-prompt@0.1.5-rc.3(@deepseek-ai/cordis@4.0.3)(@deepseek-ai/dsh-invariants@0.1.5-rc.3(@deepseek-ai/cordis@4.0.3))(@deepseek-ai/dsh-llm@0.1.5-rc.3(@deepseek-ai/cordis@4.0.3))(@deepseek-ai/dsh-scope@0.1.5-rc.3(@deepseek-ai/cordis@4.0.3)(@deepseek-ai/dsh-invariants@0.1.5-rc.3(@deepseek-ai/cordis@4.0.3))))':
    dependencies:
      '@deepseek-ai/cordis': 4.0.3
      '@deepseek-ai/dsh-agent': 0.1.5-rc.3(1a9d37eefcbcd69e2cb1ea95ee92e12e)
      '@deepseek-ai/dsh-brand': 0.1.5-rc.3(@deepseek-ai/cordis@4.0.3)
      '@deepseek-ai/dsh-invariants': 0.1.5-rc.3(@deepseek-ai/cordis@4.0.3)
      '@deepseek-ai/dsh-llm': 0.1.5-rc.3(@deepseek-ai/cordis@4.0.3)
      '@deepseek-ai/dsh-scope': 0.1.5-rc.3(@deepseek-ai/cordis@4.0.3)(@deepseek-ai/dsh-invariants@0.1.5-rc.3(@deepseek-ai/cordis@4.0.3))
      '@deepseek-ai/dsh-session': 0.1.5-rc.3(@deepseek-ai/cordis@4.0.3)(@deepseek-ai/dsh-scope@0.1.5-rc.3(@deepseek-ai/cordis@4.0.3)(@deepseek-ai/dsh-invariants@0.1.5-rc.3(@deepseek-ai/cordis@4.0.3)))
      '@deepseek-ai/dsh-system-prompt': 0.1.5-rc.3(@deepseek-ai/cordis@4.0.3)(@deepseek-ai/dsh-invariants@0.1.5-rc.3(@deepseek-ai/cordis@4.0.3))(@deepseek-ai/dsh-llm@0.1.5-rc.3(@deepseek-ai/cordis@4.0.3))(@deepseek-ai/dsh-scope@0.1.5-rc.3(@deepseek-ai/cordis@4.0.3)(@deepseek-ai/dsh-invariants@0.1.5-rc.3(@deepseek-ai/cordis@4.0.3)))
      '@deepseek-ai/schemastery': 3.18.2

  '@deepseek-ai/dsh-util-crypto@0.1.5-rc.3(@deepseek-ai/cordis@4.0.3)':
    dependencies:
      '@deepseek-ai/cordis': 4.0.3

  '@deepseek-ai/dsh-util-values@0.1.5-rc.3(@deepseek-ai/cordis@4.0.3)':
    dependencies:
      '@deepseek-ai/cordis': 4.0.3

  '@deepseek-ai/schemastery@3.18.2':
    dependencies:
      '@deepseek-ai/cosmokit': 1.8.4
      '@standard-schema/spec': 1.1.0

  '@deepseek-ai/schemastery@3.18.3':
    dependencies:
      '@deepseek-ai/cosmokit': 1.8.4
      '@standard-schema/spec': 1.1.0

  '@standard-schema/spec@1.1.0': {}

  zod@4.6.5: {}
